
Microsoft Visual Studio Solution File, Format Version 12.00
# Visual Studio Version 16
VisualStudioVersion = 16.0.30413.136
MinimumVisualStudioVersion = 10.0.40219.1
Project("{FAE04EC0-301F-11D3-BF4B-00C04F79EFBC}") = "welcome", "welcome.csproj", "{93FE18A2-B631-4BAB-B349-BCC889A13E9E}"
EndProject
Global
	GlobalSection(SolutionConfigurationPlatforms) = preSolution
		Debug|Any CPU = Debug|Any CPU
		Release|Any CPU = Release|Any CPU
	EndGlobalSection
	GlobalSection(ProjectConfigurationPlatforms) = postSolution
		{93FE18A2-B631-4BAB-B349-BCC889A13E9E}.Debug|Any CPU.ActiveCfg = Debug|Any CPU
		{93FE18A2-B631-4BAB-B349-BCC889A13E9E}.Debug|Any CPU.Build.0 = Debug|Any CPU
		{93FE18A2-B631-4BAB-B349-BCC889A13E9E}.Release|Any CPU.ActiveCfg = Release|Any CPU
		{93FE18A2-B631-4BAB-B349-BCC889A13E9E}.Release|Any CPU.Build.0 = Release|Any CPU
	EndGlobalSection
	GlobalSection(SolutionProperties) = preSolution
		HideSolutionNode = FALSE
	EndGlobalSection
	GlobalSection(ExtensibilityGlobals) = postSolution
		SolutionGuid = {6F93FC9F-2BCF-4E77-A4D5-2E448C72BC1E}
	EndGlobalSection
EndGlobal
